
Microsoft Visual Studio Solution File, Format Version 12.00
# Visual Studio Version 16
VisualStudioVersion = 16.0.30503.244
MinimumVisualStudioVersion = 10.0.40219.1
Project("{FAE04EC0-301F-11D3-BF4B-00C04F79EFBC}") = "Server", "CrazySister-Console\Server.csproj", "{3BFD8D9E-0040-446A-9990-5B8137C538D2}"
EndProject
Project("{FAE04EC0-301F-11D3-BF4B-00C04F79EFBC}") = "Client", "Client\Client.csproj", "{966C4A4C-DBB8-4959-9AD4-2ED734F3B73E}"
EndProject
Global
	GlobalSection(SolutionConfigurationPlatforms) = preSolution
		Debug|Any CPU = Debug|Any CPU
		Release|Any CPU = Release|Any CPU
	EndGlobalSection
	GlobalSection(ProjectConfigurationPlatforms) = postSolution
		{3BFD8D9E-0040-446A-9990-5B8137C538D2}.Debug|Any CPU.ActiveCfg = Debug|Any CPU
		{3BFD8D9E-0040-446A-9990-5B8137C538D2}.Debug|Any CPU.Build.0 = Debug|Any CPU
		{3BFD8D9E-0040-446A-9990-5B8137C538D2}.Release|Any CPU.ActiveCfg = Release|Any CPU
		{3BFD8D9E-0040-446A-9990-5B8137C538D2}.Release|Any CPU.Build.0 = Release|Any CPU
		{966C4A4C-DBB8-4959-9AD4-2ED734F3B73E}.Debug|Any CPU.ActiveCfg = Debug|Any CPU
		{966C4A4C-DBB8-4959-9AD4-2ED734F3B73E}.Debug|Any CPU.Build.0 = Debug|Any CPU
		{966C4A4C-DBB8-4959-9AD4-2ED734F3B73E}.Release|Any CPU.ActiveCfg = Release|Any CPU
		{966C4A4C-DBB8-4959-9AD4-2ED734F3B73E}.Release|Any CPU.Build.0 = Release|Any CPU
	EndGlobalSection
	GlobalSection(SolutionProperties) = preSolution
		HideSolutionNode = FALSE
	EndGlobalSection
	GlobalSection(ExtensibilityGlobals) = postSolution
		SolutionGuid = {D3CAD913-580D-4995-9FDF-EE1404573C87}
	EndGlobalSection
EndGlobal
